SITE
  remote: http://supermarket.getchef.com/api/v1
  specs:
    apt (2.9.2)
    bluepill (2.4.1)
      rsyslog (~> 2.0)
    build-essential (2.2.4)
    chef_gem (0.1.0)
    chef_handler (1.2.0)
    compat_resource (12.5.14)
    dmg (2.3.0)
    fail2ban (2.3.0)
      yum-epel (>= 0.0.0)
    git (4.3.4)
      build-essential (>= 0.0.0)
      dmg (>= 0.0.0)
      windows (>= 0.0.0)
      yum-epel (>= 0.0.0)
    hostnames (0.3.6)
      hostsfile (>= 0.0.0)
    hostsfile (2.4.5)
    memcached (2.0.2)
      compat_resource (>= 0.0.0)
      runit (~> 1.0)
      yum-epel (>= 0.0.0)
    nginx (2.7.6)
      apt (~> 2.2)
      bluepill (~> 2.3)
      build-essential (~> 2.0)
      ohai (~> 2.0)
      runit (~> 1.2)
      yum-epel (~> 0.3)
    nvm (0.1.6)
      git (>= 2.1.0)
    ohai (2.0.4)
    packagecloud (0.1.1)
    rsyslog (2.2.0)
    runit (1.7.4)
      packagecloud (>= 0.0.0)
    rvm (0.9.4)
      chef_gem (>= 0.0.0)
    ssh-hardening (1.1.0)
    sudo (2.7.2)
    timezone-ii (0.2.0)
    windows (1.38.4)
      chef_handler (>= 0.0.0)
    yum (3.8.2)
    yum-epel (0.6.5)
      yum (~> 3.2)

GIT
  remote: https://github.com/phlipper/chef-postgresql.git
  ref: master
  sha: df0423d11db9f4cf1c66ae6d94bcde86ab32f30a
  specs:
    postgresql (0.16.1)
      apt (>= 2.6.1)

GIT
  remote: https://github.com/phlipper/chef-redis.git
  ref: master
  sha: 7476279fc9c8727f082b8d77b5e1922dc2ef437b
  specs:
    redis (0.5.6)
      apt (>= 0.0.0)

GIT
  remote: https://gitlab.acid.cl/acidlabs/chef-dpkg-packages.git
  ref: master
  sha: 42ae7c1e2961cf268b08d2089f0cd66beaf78cbf
  specs:
    dpkg_packages (0.1.5)

GIT
  remote: https://gitlab.acid.cl/acidlabs/chef-passenger.git
  ref: master
  sha: 9bdda660d9139c7647007e022dd03d60a1ed97fe
  specs:
    passenger (0.2.0)

DEPENDENCIES
  apt (>= 0)
  dpkg_packages (>= 0)
  fail2ban (>= 0)
  hostnames (>= 0)
  memcached (>= 0)
  nginx (>= 0)
  nvm (>= 0)
  passenger (>= 0)
  postgresql (>= 0)
  redis (>= 0)
  rvm (>= 0)
  ssh-hardening (>= 0)
  sudo (>= 0)
  timezone-ii (>= 0)

